// !$*UTF8*$!
{
	archiveVersion = 1;
	classes = {
	};
	objectVersion = 56;
	objects = {

/* Begin PBXBuildFile section */
		F20D194B2CD78269006296D0 /* SheetManager.swift in Sources */ = {isa = PBXBuildFile; fileRef = F20D194A2CD78269006296D0 /* SheetManager.swift */; };
		F20D194E2CD783F5006296D0 /* AppStoreSearch+Sheet.swift in Sources */ = {isa = PBXBuildFile; fileRef = F20D194D2CD783F5006296D0 /* AppStoreSearch+Sheet.swift */; };
		F21CFCD52CD6462400CAB613 /* ActiveCard+Components.swift in Sources */ = {isa = PBXBuildFile; fileRef = F21CFCD02CD6462300CAB613 /* ActiveCard+Components.swift */; };
		F21CFCD62CD6462400CAB613 /* ModuleCard.swift in Sources */ = {isa = PBXBuildFile; fileRef = F21CFCD12CD6462300CAB613 /* ModuleCard.swift */; };
		F21CFCD72CD6462400CAB613 /* ProductCard.swift in Sources */ = {isa = PBXBuildFile; fileRef = F21CFCD22CD6462300CAB613 /* ProductCard.swift */; };
		F21CFCD82CD6462400CAB613 /* TitleBar.swift in Sources */ = {isa = PBXBuildFile; fileRef = F21CFCD32CD6462300CAB613 /* TitleBar.swift */; };
		F21CFCDD2CD6463A00CAB613 /* ProductTab.swift in Sources */ = {isa = PBXBuildFile; fileRef = F21CFCD92CD6463A00CAB613 /* ProductTab.swift */; };
		F21CFCDE2CD6463A00CAB613 /* ContentViews.swift in Sources */ = {isa = PBXBuildFile; fileRef = F21CFCDB2CD6463A00CAB613 /* ContentViews.swift */; };
		F21CFCF22CD647C300CAB613 /* ScrollPreference.swift in Sources */ = {isa = PBXBuildFile; fileRef = F21CFCF12CD647C300CAB613 /* ScrollPreference.swift */; };
		F21CFCF42CD64E7100CAB613 /* File+API.swift in Sources */ = {isa = PBXBuildFile; fileRef = F21CFCF32CD64E7100CAB613 /* File+API.swift */; };
		F21CFCFB2CD6911600CAB613 /* CoinShopView.swift in Sources */ = {isa = PBXBuildFile; fileRef = F21CFCF82CD6911600CAB613 /* CoinShopView.swift */; };
		F21CFCFC2CD6911600CAB613 /* CoinTasksView.swift in Sources */ = {isa = PBXBuildFile; fileRef = F21CFCF92CD6911600CAB613 /* CoinTasksView.swift */; };
		F21CFD072CD691BB00CAB613 /* CoinShopViewModel.swift in Sources */ = {isa = PBXBuildFile; fileRef = F21CFD062CD691BB00CAB613 /* CoinShopViewModel.swift */; };
		F21CFD092CD691C000CAB613 /* CoinTasksViewModel.swift in Sources */ = {isa = PBXBuildFile; fileRef = F21CFD082CD691C000CAB613 /* CoinTasksViewModel.swift */; };
		F21CFD0D2CD7245700CAB613 /* PublishActivityView.swift in Sources */ = {isa = PBXBuildFile; fileRef = F21CFD0A2CD7245700CAB613 /* PublishActivityView.swift */; };
		F21CFD0E2CD7245700CAB613 /* PublishActivityViewModel.swift in Sources */ = {isa = PBXBuildFile; fileRef = F21CFD0B2CD7245700CAB613 /* PublishActivityViewModel.swift */; };
		F21CFD102CD7246A00CAB613 /* PublishProductView.swift in Sources */ = {isa = PBXBuildFile; fileRef = F21CFD0F2CD7246A00CAB613 /* PublishProductView.swift */; };
		F21CFD122CD7247300CAB613 /* PublishProductViewModel.swift in Sources */ = {isa = PBXBuildFile; fileRef = F21CFD112CD7247300CAB613 /* PublishProductViewModel.swift */; };
		F21CFD142CD75F9C00CAB613 /* Product+API.swift in Sources */ = {isa = PBXBuildFile; fileRef = F21CFD132CD75F9C00CAB613 /* Product+API.swift */; };
		F21CFD192CD7778D00CAB613 /* NoticeManager.swift in Sources */ = {isa = PBXBuildFile; fileRef = F21CFD152CD7778D00CAB613 /* NoticeManager.swift */; };
		F21CFD1A2CD7778D00CAB613 /* RouterManager.swift in Sources */ = {isa = PBXBuildFile; fileRef = F21CFD162CD7778D00CAB613 /* RouterManager.swift */; };
		F21CFD1B2CD7778D00CAB613 /* RouterDestination.swift in Sources */ = {isa = PBXBuildFile; fileRef = F21CFD172CD7778D00CAB613 /* RouterDestination.swift */; };
		F22377E12CC6ABBB00F780AE /* UrlSession+Extension.swift in Sources */ = {isa = PBXBuildFile; fileRef = F22377E02CC6ABBB00F780AE /* UrlSession+Extension.swift */; };
		F22377E32CC6AC0200F780AE /* Network+Util.swift in Sources */ = {isa = PBXBuildFile; fileRef = F22377E22CC6AC0200F780AE /* Network+Util.swift */; };
		F237E5A02CCE6BFB00CC1074 /* AboutAuthorView.swift in Sources */ = {isa = PBXBuildFile; fileRef = F237E59F2CCE6BFA00CC1074 /* AboutAuthorView.swift */; };
		F237E5A22CCE892600CC1074 /* UserProfileView.swift in Sources */ = {isa = PBXBuildFile; fileRef = F237E5A12CCE892600CC1074 /* UserProfileView.swift */; };
		F23F8F732CBD5AD5005546EE /* Font+Extension.swift in Sources */ = {isa = PBXBuildFile; fileRef = F23F8F722CBD5AD5005546EE /* Font+Extension.swift */; };
		F23F8F752CBEB154005546EE /* ToggleStyle+Extension.swift in Sources */ = {isa = PBXBuildFile; fileRef = F23F8F742CBEB154005546EE /* ToggleStyle+Extension.swift */; };
		F23F8F792CBEB2BA005546EE /* UserView.swift in Sources */ = {isa = PBXBuildFile; fileRef = F23F8F782CBEB2BA005546EE /* UserView.swift */; };
		F23F8F7B2CBEBC87005546EE /* AppState.swift in Sources */ = {isa = PBXBuildFile; fileRef = F23F8F7A2CBEBC87005546EE /* AppState.swift */; };
		F26F15982CC513C300848715 /* Confirm+Modal.swift in Sources */ = {isa = PBXBuildFile; fileRef = F26F15972CC513C300848715 /* Confirm+Modal.swift */; };
		F26F159A2CC5370900848715 /* EmailLoginView.swift in Sources */ = {isa = PBXBuildFile; fileRef = F26F15992CC5370900848715 /* EmailLoginView.swift */; };
		F26F159D2CC538CE00848715 /* User+Service.swift in Sources */ = {isa = PBXBuildFile; fileRef = F26F159C2CC538CE00848715 /* User+Service.swift */; };
		F26F15A32CC69D6E00848715 /* User+API.swift in Sources */ = {isa = PBXBuildFile; fileRef = F26F15A22CC69D6E00848715 /* User+API.swift */; };
		F26F15AD2CC6A92B00848715 /* SwiftyJSON in Frameworks */ = {isa = PBXBuildFile; productRef = F26F15AC2CC6A92B00848715 /* SwiftyJSON */; };
		F27A94832CC00AEC002A2BEA /* ProductView.swift in Sources */ = {isa = PBXBuildFile; fileRef = F27A94822CC00AEC002A2BEA /* ProductView.swift */; };
		F27C657D2CB16F1B0074B608 /* ApptuneApp.swift in Sources */ = {isa = PBXBuildFile; fileRef = F27C657C2CB16F1B0074B608 /* ApptuneApp.swift */; };
		F27C65862CB16F1C0074B608 /* Assets.xcassets in Resources */ = {isa = PBXBuildFile; fileRef = F27C65852CB16F1C0074B608 /* Assets.xcassets */; };
		F27C658A2CB16F1C0074B608 /* Preview Assets.xcassets in Resources */ = {isa = PBXBuildFile; fileRef = F27C65892CB16F1C0074B608 /* Preview Assets.xcassets */; };
		F283B0452D0DD4370051FBF1 /* ImageClip+Component.swift in Sources */ = {isa = PBXBuildFile; fileRef = F283B0442D0DD4370051FBF1 /* ImageClip+Component.swift */; };
		F283B04D2D0EBC900051FBF1 /* Localizable.xcstrings in Resources */ = {isa = PBXBuildFile; fileRef = F283B04C2D0EBC8F0051FBF1 /* Localizable.xcstrings */; };
		F288297C2CF20D37002D012A /* Product+Service.swift in Sources */ = {isa = PBXBuildFile; fileRef = F288297B2CF20D37002D012A /* Product+Service.swift */; };
		F288297E2CF20EDD002D012A /* Active+Service.swift in Sources */ = {isa = PBXBuildFile; fileRef = F288297D2CF20EDD002D012A /* Active+Service.swift */; };
		F28829802CF21328002D012A /* Active+API.swift in Sources */ = {isa = PBXBuildFile; fileRef = F288297F2CF21328002D012A /* Active+API.swift */; };
		F28829842CF2EB3D002D012A /* ActivityTemplates+Sheet.swift in Sources */ = {isa = PBXBuildFile; fileRef = F28829832CF2EB3D002D012A /* ActivityTemplates+Sheet.swift */; };
		F28829862CF2FEB0002D012A /* Tag+Component.swift in Sources */ = {isa = PBXBuildFile; fileRef = F28829852CF2FEB0002D012A /* Tag+Component.swift */; };
		F28829882CF30053002D012A /* Tag+Service.swift in Sources */ = {isa = PBXBuildFile; fileRef = F28829872CF30053002D012A /* Tag+Service.swift */; };
		F288298A2CF309F5002D012A /* Image+Sheet.swift in Sources */ = {isa = PBXBuildFile; fileRef = F28829892CF309F5002D012A /* Image+Sheet.swift */; };
		F288298C2CF32228002D012A /* Tag+API.swift in Sources */ = {isa = PBXBuildFile; fileRef = F288298B2CF32228002D012A /* Tag+API.swift */; };
		F299FE592CC94D2F0009C956 /* MD5+Util.swift in Sources */ = {isa = PBXBuildFile; fileRef = F299FE582CC94D2F0009C956 /* MD5+Util.swift */; };
		F2A0D5FB2CC360EA00536C58 /* ScalingHeaderScrollView in Frameworks */ = {isa = PBXBuildFile; productRef = F2A0D5FA2CC360EA00536C58 /* ScalingHeaderScrollView */; };
		F2A0D5FE2CC3862700536C58 /* UserDefault+Util.swift in Sources */ = {isa = PBXBuildFile; fileRef = F2A0D5FD2CC3862700536C58 /* UserDefault+Util.swift */; };
		F2A0D6022CC386DF00536C58 /* String+Extension.swift in Sources */ = {isa = PBXBuildFile; fileRef = F2A0D6012CC386DF00536C58 /* String+Extension.swift */; };
		F2A0D6042CC3887800536C58 /* Toast+Component.swift in Sources */ = {isa = PBXBuildFile; fileRef = F2A0D6032CC3887800536C58 /* Toast+Component.swift */; };
		F2A0D6062CC38FDF00536C58 /* UserSettingView.swift in Sources */ = {isa = PBXBuildFile; fileRef = F2A0D6052CC38FDF00536C58 /* UserSettingView.swift */; };
		F2A0D6082CC3958100536C58 /* Router+Extension.swift in Sources */ = {isa = PBXBuildFile; fileRef = F2A0D6072CC3958100536C58 /* Router+Extension.swift */; };
		F2A0D60C2CC3A28D00536C58 /* Version+Modal.swift in Sources */ = {isa = PBXBuildFile; fileRef = F2A0D60B2CC3A28D00536C58 /* Version+Modal.swift */; };
		F2A0D60E2CC40AAA00536C58 /* Agreement+Modal.swift in Sources */ = {isa = PBXBuildFile; fileRef = F2A0D60D2CC40AAA00536C58 /* Agreement+Modal.swift */; };
		F2A0D6102CC49FD800536C58 /* Toast+Modal.swift in Sources */ = {isa = PBXBuildFile; fileRef = F2A0D60F2CC49FD800536C58 /* Toast+Modal.swift */; };
		F2A0D6122CC4AFB200536C58 /* Const+Util.swift in Sources */ = {isa = PBXBuildFile; fileRef = F2A0D6112CC4AFB200536C58 /* Const+Util.swift */; };
		F2A0D6142CC4D37000536C58 /* UserAccountView.swift in Sources */ = {isa = PBXBuildFile; fileRef = F2A0D6132CC4D37000536C58 /* UserAccountView.swift */; };
		F2AE427C2CB96CBA009E72C3 /* Tool+Extension.swift in Sources */ = {isa = PBXBuildFile; fileRef = F2AE427B2CB96CBA009E72C3 /* Tool+Extension.swift */; };
		F2AE427E2CB96D6B009E72C3 /* Tap+Extension.swift in Sources */ = {isa = PBXBuildFile; fileRef = F2AE427D2CB96D6B009E72C3 /* Tap+Extension.swift */; };
		F2AE42802CB96DFF009E72C3 /* TextColor+Component.swift in Sources */ = {isa = PBXBuildFile; fileRef = F2AE427F2CB96DFF009E72C3 /* TextColor+Component.swift */; };
		F2AE42822CB97118009E72C3 /* Image+Componet.swift in Sources */ = {isa = PBXBuildFile; fileRef = F2AE42812CB97118009E72C3 /* Image+Componet.swift */; };
		F2AE42852CB97162009E72C3 /* Kingfisher in Frameworks */ = {isa = PBXBuildFile; productRef = F2AE42842CB97162009E72C3 /* Kingfisher */; };
		F2AE42872CB97814009E72C3 /* View+Extension.swift in Sources */ = {isa = PBXBuildFile; fileRef = F2AE42862CB97814009E72C3 /* View+Extension.swift */; };
		F2AE42892CB97917009E72C3 /* CornerRadius+Component.swift in Sources */ = {isa = PBXBuildFile; fileRef = F2AE42882CB97917009E72C3 /* CornerRadius+Component.swift */; };
		F2AE6A432D2001AD0002212F /* Mantis in Frameworks */ = {isa = PBXBuildFile; productRef = F2AE6A422D2001AD0002212F /* Mantis */; };
		F2B269722CB57233001230B4 /* SwiftDate in Frameworks */ = {isa = PBXBuildFile; productRef = F2B269712CB57233001230B4 /* SwiftDate */; };
		F2B269752CB57260001230B4 /* ScreenManage.swift in Sources */ = {isa = PBXBuildFile; fileRef = F2B269742CB57260001230B4 /* ScreenManage.swift */; };
		F2B269772CB574B0001230B4 /* LoginView.swift in Sources */ = {isa = PBXBuildFile; fileRef = F2B269762CB574B0001230B4 /* LoginView.swift */; };
		F2B2697A2CB578DD001230B4 /* Color+Extension.swift in Sources */ = {isa = PBXBuildFile; fileRef = F2B269792CB578DD001230B4 /* Color+Extension.swift */; };
		F2B2697D2CB57B80001230B4 /* Radio+Component.swift in Sources */ = {isa = PBXBuildFile; fileRef = F2B2697C2CB57B80001230B4 /* Radio+Component.swift */; };
		F2B2697F2CB58055001230B4 /* Button+Modify.swift in Sources */ = {isa = PBXBuildFile; fileRef = F2B2697E2CB58055001230B4 /* Button+Modify.swift */; };
		F2B269F52CB6C2C5008C46B8 /* ActiveHomeView.swift in Sources */ = {isa = PBXBuildFile; fileRef = F2B269F42CB6C2C5008C46B8 /* ActiveHomeView.swift */; };
		F2B269F72CB6C58C008C46B8 /* Text+Extension.swift in Sources */ = {isa = PBXBuildFile; fileRef = F2B269F62CB6C58C008C46B8 /* Text+Extension.swift */; };
		F2B269F92CB6C6AA008C46B8 /* SFSymbol+Component.swift in Sources */ = {isa = PBXBuildFile; fileRef = F2B269F82CB6C6AA008C46B8 /* SFSymbol+Component.swift */; };
		F2B269FB2CB6D671008C46B8 /* TabBar+Component.swift in Sources */ = {isa = PBXBuildFile; fileRef = F2B269FA2CB6D671008C46B8 /* TabBar+Component.swift */; };
		F2B269FD2CB6D725008C46B8 /* LanchView.swift in Sources */ = {isa = PBXBuildFile; fileRef = F2B269FC2CB6D725008C46B8 /* LanchView.swift */; };
		F2B26A002CB6D764008C46B8 /* GudieView.swift in Sources */ = {isa = PBXBuildFile; fileRef = F2B269FF2CB6D764008C46B8 /* GudieView.swift */; };
		F2B34CCF2CF35EE1009023B8 /* ReviewView.swift in Sources */ = {isa = PBXBuildFile; fileRef = F2B34CCE2CF35EE1009023B8 /* ReviewView.swift */; };
		F2C5B4E82D16A31C007E3916 /* NotificationView.swift in Sources */ = {isa = PBXBuildFile; fileRef = F2C5B4E72D16A31C007E3916 /* NotificationView.swift */; };
		F2C5B4EA2D17AF25007E3916 /* PreCodePicker+Sheet.swift in Sources */ = {isa = PBXBuildFile; fileRef = F2C5B4E92D17AF25007E3916 /* PreCodePicker+Sheet.swift */; };
		F2C5B4EC2D18354D007E3916 /* Notification+API.swift in Sources */ = {isa = PBXBuildFile; fileRef = F2C5B4EB2D18354D007E3916 /* Notification+API.swift */; };
		F2C5B4EE2D18355F007E3916 /* Notification+Service.swift in Sources */ = {isa = PBXBuildFile; fileRef = F2C5B4ED2D18355F007E3916 /* Notification+Service.swift */; };
		F2C5B4F02D184820007E3916 /* JoinNoticeView.swift in Sources */ = {isa = PBXBuildFile; fileRef = F2C5B4EF2D184820007E3916 /* JoinNoticeView.swift */; };
		F2C5B4F22D18482F007E3916 /* FollowNoticeView.swift in Sources */ = {isa = PBXBuildFile; fileRef = F2C5B4F12D18482F007E3916 /* FollowNoticeView.swift */; };
		F2C5B4F42D18483F007E3916 /* AuditNoticeView.swift in Sources */ = {isa = PBXBuildFile; fileRef = F2C5B4F32D18483F007E3916 /* AuditNoticeView.swift */; };
		F2C5B4F62D18484F007E3916 /* OfficeNoticeView.swift in Sources */ = {isa = PBXBuildFile; fileRef = F2C5B4F52D18484F007E3916 /* OfficeNoticeView.swift */; };
		F2C5B4F82D1849BE007E3916 /* NoticeViewModel.swift in Sources */ = {isa = PBXBuildFile; fileRef = F2C5B4F72D1849BE007E3916 /* NoticeViewModel.swift */; };
		F2C5B4FB2D184CB4007E3916 /* NoticeListView.swift in Sources */ = {isa = PBXBuildFile; fileRef = F2C5B4F92D184CB4007E3916 /* NoticeListView.swift */; };
		F2C5B4FD2D186976007E3916 /* SubmitActiveReviewView.swift in Sources */ = {isa = PBXBuildFile; fileRef = F2C5B4FC2D186976007E3916 /* SubmitActiveReviewView.swift */; };
		F2C5B4FF2D19AFD6007E3916 /* RegistrationView.swift in Sources */ = {isa = PBXBuildFile; fileRef = F2C5B4FE2D19AFD6007E3916 /* RegistrationView.swift */; };
		F2C5B5012D1DA240007E3916 /* SearchActiveView.swift in Sources */ = {isa = PBXBuildFile; fileRef = F2C5B5002D1DA240007E3916 /* SearchActiveView.swift */; };
		F2C5B5032D1DA737007E3916 /* SearchHistory+Util.swift in Sources */ = {isa = PBXBuildFile; fileRef = F2C5B5022D1DA737007E3916 /* SearchHistory+Util.swift */; };
		F2D6AE242CD92C4800896DD9 /* Empty+Component.swift in Sources */ = {isa = PBXBuildFile; fileRef = F2D6AE232CD92C4800896DD9 /* Empty+Component.swift */; };
		F2EEE39D2D048AF600D7777C /* Codeable+Extension.swift in Sources */ = {isa = PBXBuildFile; fileRef = F2EEE39C2D048AF600D7777C /* Codeable+Extension.swift */; };
		F2EEE39F2D04909B00D7777C /* Bindding+Extension.swift in Sources */ = {isa = PBXBuildFile; fileRef = F2EEE39E2D04909B00D7777C /* Bindding+Extension.swift */; };
		F2EEE3A12D04A24700D7777C /* ActivityPreview+Sheet.swift in Sources */ = {isa = PBXBuildFile; fileRef = F2EEE3A02D04A24700D7777C /* ActivityPreview+Sheet.swift */; };
		F2EEE3A32D05A9B800D7777C /* PromotionView.swift in Sources */ = {isa = PBXBuildFile; fileRef = F2EEE3A22D05A9B800D7777C /* PromotionView.swift */; };
		F2EEE3A52D05BB4B00D7777C /* Promotion+API.swift in Sources */ = {isa = PBXBuildFile; fileRef = F2EEE3A42D05BB4B00D7777C /* Promotion+API.swift */; };
		F2EEE3A72D05BD0700D7777C /* Promotion+Service.swift in Sources */ = {isa = PBXBuildFile; fileRef = F2EEE3A62D05BD0700D7777C /* Promotion+Service.swift */; };
		F2EEE3AB2D05DE5000D7777C /* CreatePromotionView.swift in Sources */ = {isa = PBXBuildFile; fileRef = F2EEE3AA2D05DE5000D7777C /* CreatePromotionView.swift */; };
		F2EEE3AD2D05DE8500D7777C /* CreatePromotionModel.swift in Sources */ = {isa = PBXBuildFile; fileRef = F2EEE3AC2D05DE8500D7777C /* CreatePromotionModel.swift */; };
		F2EEE3AF2D05E65800D7777C /* PromoCodeList.swift in Sources */ = {isa = PBXBuildFile; fileRef = F2EEE3AE2D05E65800D7777C /* PromoCodeList.swift */; };
		F2EEE3B12D088E2500D7777C /* ActiveDetailView.swift in Sources */ = {isa = PBXBuildFile; fileRef = F2EEE3B02D088E2500D7777C /* ActiveDetailView.swift */; };
		F2EEE3B32D0B2F9900D7777C /* ActiveShareView.swift in Sources */ = {isa = PBXBuildFile; fileRef = F2EEE3B22D0B2F9900D7777C /* ActiveShareView.swift */; };
		F2EEE3B92D0D5B1400D7777C /* ImageSave+Sheet.swift in Sources */ = {isa = PBXBuildFile; fileRef = F2EEE3B82D0D5B1400D7777C /* ImageSave+Sheet.swift */; };
		F2EEE3BD2D0D874C00D7777C /* View+Modify.swift in Sources */ = {isa = PBXBuildFile; fileRef = F2EEE3BC2D0D874C00D7777C /* View+Modify.swift */; };
		F2F4C6D52CE100E1003F20A5 /* ImagePicker+Component.swift in Sources */ = {isa = PBXBuildFile; fileRef = F2F4C6D42CE100E1003F20A5 /* ImagePicker+Component.swift */; };
		F2FAEAFB2CE04C03007BD6D8 /* Message+Modal.swift in Sources */ = {isa = PBXBuildFile; fileRef = F2FAEAFA2CE04C03007BD6D8 /* Message+Modal.swift */; };
		F2FC0F412CCAA49400CF8ACE /* Base+API.swift in Sources */ = {isa = PBXBuildFile; fileRef = F2FC0F402CCAA49400CF8ACE /* Base+API.swift */; };
/* End PBXBuildFile section */

/* Begin PBXFileReference section */
		F20D194A2CD78269006296D0 /* SheetManager.swift */ = {isa = PBXFileReference; fileEncoding = 4; lastKnownFileType = sourcecode.swift; path = SheetManager.swift; sourceTree = "<group>"; };
		F20D194D2CD783F5006296D0 /* AppStoreSearch+Sheet.swift */ = {isa = PBXFileReference; lastKnownFileType = sourcecode.swift; path = "AppStoreSearch+Sheet.swift"; sourceTree = "<group>"; };
		F21CFCD02CD6462300CAB613 /* ActiveCard+Components.swift */ = {isa = PBXFileReference; fileEncoding = 4; lastKnownFileType = sourcecode.swift; path = "ActiveCard+Components.swift"; sourceTree = "<group>"; };
		F21CFCD12CD6462300CAB613 /* ModuleCard.swift */ = {isa = PBXFileReference; fileEncoding = 4; lastKnownFileType = sourcecode.swift; path = ModuleCard.swift; sourceTree = "<group>"; };
		F21CFCD22CD6462300CAB613 /* ProductCard.swift */ = {isa = PBXFileReference; fileEncoding = 4; lastKnownFileType = sourcecode.swift; path = ProductCard.swift; sourceTree = "<group>"; };
		F21CFCD32CD6462300CAB613 /* TitleBar.swift */ = {isa = PBXFileReference; fileEncoding = 4; lastKnownFileType = sourcecode.swift; path = TitleBar.swift; sourceTree = "<group>"; };
		F21CFCD92CD6463A00CAB613 /* ProductTab.swift */ = {isa = PBXFileReference; fileEncoding = 4; lastKnownFileType = sourcecode.swift; path = ProductTab.swift; sourceTree = "<group>"; };
		F21CFCDB2CD6463A00CAB613 /* ContentViews.swift */ = {isa = PBXFileReference; fileEncoding = 4; lastKnownFileType = sourcecode.swift; path = ContentViews.swift; sourceTree = "<group>"; };
		F21CFCF12CD647C300CAB613 /* ScrollPreference.swift */ = {isa = PBXFileReference; fileEncoding = 4; lastKnownFileType = sourcecode.swift; path = ScrollPreference.swift; sourceTree = "<group>"; };
		F21CFCF32CD64E7100CAB613 /* File+API.swift */ = {isa = PBXFileReference; lastKnownFileType = sourcecode.swift; path = "File+API.swift"; sourceTree = "<group>"; };
		F21CFCF82CD6911600CAB613 /* CoinShopView.swift */ = {isa = PBXFileReference; fileEncoding = 4; lastKnownFileType = sourcecode.swift; path = CoinShopView.swift; sourceTree = "<group>"; };
		F21CFCF92CD6911600CAB613 /* CoinTasksView.swift */ = {isa = PBXFileReference; fileEncoding = 4; lastKnownFileType = sourcecode.swift; path = CoinTasksView.swift; sourceTree = "<group>"; };
		F21CFD062CD691BB00CAB613 /* CoinShopViewModel.swift */ = {isa = PBXFileReference; fileEncoding = 4; lastKnownFileType = sourcecode.swift; path = CoinShopViewModel.swift; sourceTree = "<group>"; };
		F21CFD082CD691C000CAB613 /* CoinTasksViewModel.swift */ = {isa = PBXFileReference; fileEncoding = 4; lastKnownFileType = sourcecode.swift; path = CoinTasksViewModel.swift; sourceTree = "<group>"; };
		F21CFD0A2CD7245700CAB613 /* PublishActivityView.swift */ = {isa = PBXFileReference; fileEncoding = 4; lastKnownFileType = sourcecode.swift; path = PublishActivityView.swift; sourceTree = "<group>"; };
		F21CFD0B2CD7245700CAB613 /* PublishActivityViewModel.swift */ = {isa = PBXFileReference; fileEncoding = 4; lastKnownFileType = sourcecode.swift; path = PublishActivityViewModel.swift; sourceTree = "<group>"; };
		F21CFD0F2CD7246A00CAB613 /* PublishProductView.swift */ = {isa = PBXFileReference; fileEncoding = 4; lastKnownFileType = sourcecode.swift; path = PublishProductView.swift; sourceTree = "<group>"; };
		F21CFD112CD7247300CAB613 /* PublishProductViewModel.swift */ = {isa = PBXFileReference; fileEncoding = 4; lastKnownFileType = sourcecode.swift; path = PublishProductViewModel.swift; sourceTree = "<group>"; };
		F21CFD132CD75F9C00CAB613 /* Product+API.swift */ = {isa = PBXFileReference; lastKnownFileType = sourcecode.swift; path = "Product+API.swift"; sourceTree = "<group>"; };
		F21CFD152CD7778D00CAB613 /* NoticeManager.swift */ = {isa = PBXFileReference; fileEncoding = 4; lastKnownFileType = sourcecode.swift; path = NoticeManager.swift; sourceTree = "<group>"; };
		F21CFD162CD7778D00CAB613 /* RouterManager.swift */ = {isa = PBXFileReference; fileEncoding = 4; lastKnownFileType = sourcecode.swift; path = RouterManager.swift; sourceTree = "<group>"; };
		F21CFD172CD7778D00CAB613 /* RouterDestination.swift */ = {isa = PBXFileReference; fileEncoding = 4; lastKnownFileType = sourcecode.swift; path = RouterDestination.swift; sourceTree = "<group>"; };
		F22377E02CC6ABBB00F780AE /* UrlSession+Extension.swift */ = {isa = PBXFileReference; lastKnownFileType = sourcecode.swift; path = "UrlSession+Extension.swift"; sourceTree = "<group>"; };
		F22377E22CC6AC0200F780AE /* Network+Util.swift */ = {isa = PBXFileReference; lastKnownFileType = sourcecode.swift; path = "Network+Util.swift"; sourceTree = "<group>"; };
		F237E59F2CCE6BFA00CC1074 /* AboutAuthorView.swift */ = {isa = PBXFileReference; lastKnownFileType = sourcecode.swift; path = AboutAuthorView.swift; sourceTree = "<group>"; };
		F237E5A12CCE892600CC1074 /* UserProfileView.swift */ = {isa = PBXFileReference; lastKnownFileType = sourcecode.swift; path = UserProfileView.swift; sourceTree = "<group>"; };
		F23F8F722CBD5AD5005546EE /* Font+Extension.swift */ = {isa = PBXFileReference; lastKnownFileType = sourcecode.swift; path = "Font+Extension.swift"; sourceTree = "<group>"; };
		F23F8F742CBEB154005546EE /* ToggleStyle+Extension.swift */ = {isa = PBXFileReference; lastKnownFileType = sourcecode.swift; path = "ToggleStyle+Extension.swift"; sourceTree = "<group>"; };
		F23F8F782CBEB2BA005546EE /* UserView.swift */ = {isa = PBXFileReference; lastKnownFileType = sourcecode.swift; path = UserView.swift; sourceTree = "<group>"; };
		F23F8F7A2CBEBC87005546EE /* AppState.swift */ = {isa = PBXFileReference; lastKnownFileType = sourcecode.swift; path = AppState.swift; sourceTree = "<group>"; };
		F26F15972CC513C300848715 /* Confirm+Modal.swift */ = {isa = PBXFileReference; lastKnownFileType = sourcecode.swift; path = "Confirm+Modal.swift"; sourceTree = "<group>"; };
		F26F15992CC5370900848715 /* EmailLoginView.swift */ = {isa = PBXFileReference; lastKnownFileType = sourcecode.swift; path = EmailLoginView.swift; sourceTree = "<group>"; };
		F26F159C2CC538CE00848715 /* User+Service.swift */ = {isa = PBXFileReference; lastKnownFileType = sourcecode.swift; path = "User+Service.swift"; sourceTree = "<group>"; };
		F26F15A22CC69D6E00848715 /* User+API.swift */ = {isa = PBXFileReference; lastKnownFileType = sourcecode.swift; path = "User+API.swift"; sourceTree = "<group>"; };
		F27A94822CC00AEC002A2BEA /* ProductView.swift */ = {isa = PBXFileReference; lastKnownFileType = sourcecode.swift; path = ProductView.swift; sourceTree = "<group>"; };
		F27C65792CB16F1B0074B608 /* Apptune.app */ = {isa = PBXFileReference; explicitFileType = wrapper.application; includeInIndex = 0; path = Apptune.app; sourceTree = BUILT_PRODUCTS_DIR; };
		F27C657C2CB16F1B0074B608 /* ApptuneApp.swift */ = {isa = PBXFileReference; lastKnownFileType = sourcecode.swift; path = ApptuneApp.swift; sourceTree = "<group>"; };
		F27C65852CB16F1C0074B608 /* Assets.xcassets */ = {isa = PBXFileReference; lastKnownFileType = folder.assetcatalog; path = Assets.xcassets; sourceTree = "<group>"; };
		F27C65872CB16F1C0074B608 /* Apptune.entitlements */ = {isa = PBXFileReference; lastKnownFileType = text.plist.entitlements; path = Apptune.entitlements; sourceTree = "<group>"; };
		F27C65892CB16F1C0074B608 /* Preview Assets.xcassets */ = {isa = PBXFileReference; lastKnownFileType = folder.assetcatalog; path = "Preview Assets.xcassets"; sourceTree = "<group>"; };
		F283B0442D0DD4370051FBF1 /* ImageClip+Component.swift */ = {isa = PBXFileReference; fileEncoding = 4; lastKnownFileType = sourcecode.swift; path = "ImageClip+Component.swift"; sourceTree = "<group>"; };
		F283B04C2D0EBC8F0051FBF1 /* Localizable.xcstrings */ = {isa = PBXFileReference; lastKnownFileType = text.json.xcstrings; path = Localizable.xcstrings; sourceTree = "<group>"; };
		F288297B2CF20D37002D012A /* Product+Service.swift */ = {isa = PBXFileReference; lastKnownFileType = sourcecode.swift; path = "Product+Service.swift"; sourceTree = "<group>"; };
		F288297D2CF20EDD002D012A /* Active+Service.swift */ = {isa = PBXFileReference; lastKnownFileType = sourcecode.swift; path = "Active+Service.swift"; sourceTree = "<group>"; };
		F288297F2CF21328002D012A /* Active+API.swift */ = {isa = PBXFileReference; lastKnownFileType = sourcecode.swift; path = "Active+API.swift"; sourceTree = "<group>"; };
		F28829832CF2EB3D002D012A /* ActivityTemplates+Sheet.swift */ = {isa = PBXFileReference; fileEncoding = 4; lastKnownFileType = sourcecode.swift; path = "ActivityTemplates+Sheet.swift"; sourceTree = "<group>"; };
		F28829852CF2FEB0002D012A /* Tag+Component.swift */ = {isa = PBXFileReference; lastKnownFileType = sourcecode.swift; path = "Tag+Component.swift"; sourceTree = "<group>"; };
		F28829872CF30053002D012A /* Tag+Service.swift */ = {isa = PBXFileReference; lastKnownFileType = sourcecode.swift; path = "Tag+Service.swift"; sourceTree = "<group>"; };
		F28829892CF309F5002D012A /* Image+Sheet.swift */ = {isa = PBXFileReference; lastKnownFileType = sourcecode.swift; path = "Image+Sheet.swift"; sourceTree = "<group>"; };
		F288298B2CF32228002D012A /* Tag+API.swift */ = {isa = PBXFileReference; lastKnownFileType = sourcecode.swift; path = "Tag+API.swift"; sourceTree = "<group>"; };
		F299FE582CC94D2F0009C956 /* MD5+Util.swift */ = {isa = PBXFileReference; lastKnownFileType = sourcecode.swift; path = "MD5+Util.swift"; sourceTree = "<group>"; };
		F2A0D5FD2CC3862700536C58 /* UserDefault+Util.swift */ = {isa = PBXFileReference; lastKnownFileType = sourcecode.swift; path = "UserDefault+Util.swift"; sourceTree = "<group>"; };
		F2A0D6012CC386DF00536C58 /* String+Extension.swift */ = {isa = PBXFileReference; lastKnownFileType = sourcecode.swift; path = "String+Extension.swift"; sourceTree = "<group>"; };
		F2A0D6032CC3887800536C58 /* Toast+Component.swift */ = {isa = PBXFileReference; lastKnownFileType = sourcecode.swift; path = "Toast+Component.swift"; sourceTree = "<group>"; };
		F2A0D6052CC38FDF00536C58 /* UserSettingView.swift */ = {isa = PBXFileReference; lastKnownFileType = sourcecode.swift; path = UserSettingView.swift; sourceTree = "<group>"; };
		F2A0D6072CC3958100536C58 /* Router+Extension.swift */ = {isa = PBXFileReference; lastKnownFileType = sourcecode.swift; path = "Router+Extension.swift"; sourceTree = "<group>"; };
		F2A0D60B2CC3A28D00536C58 /* Version+Modal.swift */ = {isa = PBXFileReference; lastKnownFileType = sourcecode.swift; path = "Version+Modal.swift"; sourceTree = "<group>"; };
		F2A0D60D2CC40AAA00536C58 /* Agreement+Modal.swift */ = {isa = PBXFileReference; lastKnownFileType = sourcecode.swift; path = "Agreement+Modal.swift"; sourceTree = "<group>"; };
		F2A0D60F2CC49FD800536C58 /* Toast+Modal.swift */ = {isa = PBXFileReference; lastKnownFileType = sourcecode.swift; path = "Toast+Modal.swift"; sourceTree = "<group>"; };
		F2A0D6112CC4AFB200536C58 /* Const+Util.swift */ = {isa = PBXFileReference; lastKnownFileType = sourcecode.swift; path = "Const+Util.swift"; sourceTree = "<group>"; };
		F2A0D6132CC4D37000536C58 /* UserAccountView.swift */ = {isa = PBXFileReference; lastKnownFileType = sourcecode.swift; path = UserAccountView.swift; sourceTree = "<group>"; };
		F2AE427B2CB96CBA009E72C3 /* Tool+Extension.swift */ = {isa = PBXFileReference; lastKnownFileType = sourcecode.swift; path = "Tool+Extension.swift"; sourceTree = "<group>"; };
		F2AE427D2CB96D6B009E72C3 /* Tap+Extension.swift */ = {isa = PBXFileReference; lastKnownFileType = sourcecode.swift; path = "Tap+Extension.swift"; sourceTree = "<group>"; };
		F2AE427F2CB96DFF009E72C3 /* TextColor+Component.swift */ = {isa = PBXFileReference; lastKnownFileType = sourcecode.swift; path = "TextColor+Component.swift"; sourceTree = "<group>"; };
		F2AE42812CB97118009E72C3 /* Image+Componet.swift */ = {isa = PBXFileReference; lastKnownFileType = sourcecode.swift; path = "Image+Componet.swift"; sourceTree = "<group>"; };
		F2AE42862CB97814009E72C3 /* View+Extension.swift */ = {isa = PBXFileReference; lastKnownFileType = sourcecode.swift; path = "View+Extension.swift"; sourceTree = "<group>"; };
		F2AE42882CB97917009E72C3 /* CornerRadius+Component.swift */ = {isa = PBXFileReference; lastKnownFileType = sourcecode.swift; path = "CornerRadius+Component.swift"; sourceTree = "<group>"; };
		F2B269742CB57260001230B4 /* ScreenManage.swift */ = {isa = PBXFileReference; lastKnownFileType = sourcecode.swift; path = ScreenManage.swift; sourceTree = "<group>"; };
		F2B269762CB574B0001230B4 /* LoginView.swift */ = {isa = PBXFileReference; lastKnownFileType = sourcecode.swift; path = LoginView.swift; sourceTree = "<group>"; };
		F2B269792CB578DD001230B4 /* Color+Extension.swift */ = {isa = PBXFileReference; lastKnownFileType = sourcecode.swift; path = "Color+Extension.swift"; sourceTree = "<group>"; };
		F2B2697C2CB57B80001230B4 /* Radio+Component.swift */ = {isa = PBXFileReference; lastKnownFileType = sourcecode.swift; path = "Radio+Component.swift"; sourceTree = "<group>"; };
		F2B2697E2CB58055001230B4 /* Button+Modify.swift */ = {isa = PBXFileReference; lastKnownFileType = sourcecode.swift; path = "Button+Modify.swift"; sourceTree = "<group>"; };
		F2B269F42CB6C2C5008C46B8 /* ActiveHomeView.swift */ = {isa = PBXFileReference; lastKnownFileType = sourcecode.swift; path = ActiveHomeView.swift; sourceTree = "<group>"; };
		F2B269F62CB6C58C008C46B8 /* Text+Extension.swift */ = {isa = PBXFileReference; lastKnownFileType = sourcecode.swift; path = "Text+Extension.swift"; sourceTree = "<group>"; };
		F2B269F82CB6C6AA008C46B8 /* SFSymbol+Component.swift */ = {isa = PBXFileReference; lastKnownFileType = sourcecode.swift; path = "SFSymbol+Component.swift"; sourceTree = "<group>"; };
		F2B269FA2CB6D671008C46B8 /* TabBar+Component.swift */ = {isa = PBXFileReference; lastKnownFileType = sourcecode.swift; path = "TabBar+Component.swift"; sourceTree = "<group>"; };
		F2B269FC2CB6D725008C46B8 /* LanchView.swift */ = {isa = PBXFileReference; lastKnownFileType = sourcecode.swift; path = LanchView.swift; sourceTree = "<group>"; };
		F2B269FF2CB6D764008C46B8 /* GudieView.swift */ = {isa = PBXFileReference; lastKnownFileType = sourcecode.swift; path = GudieView.swift; sourceTree = "<group>"; };
		F2B34CCE2CF35EE1009023B8 /* ReviewView.swift */ = {isa = PBXFileReference; fileEncoding = 4; lastKnownFileType = sourcecode.swift; path = ReviewView.swift; sourceTree = "<group>"; };
		F2C5B4E72D16A31C007E3916 /* NotificationView.swift */ = {isa = PBXFileReference; lastKnownFileType = sourcecode.swift; path = NotificationView.swift; sourceTree = "<group>"; };
		F2C5B4E92D17AF25007E3916 /* PreCodePicker+Sheet.swift */ = {isa = PBXFileReference; lastKnownFileType = sourcecode.swift; path = "PreCodePicker+Sheet.swift"; sourceTree = "<group>"; };
		F2C5B4EB2D18354D007E3916 /* Notification+API.swift */ = {isa = PBXFileReference; lastKnownFileType = sourcecode.swift; path = "Notification+API.swift"; sourceTree = "<group>"; };
		F2C5B4ED2D18355F007E3916 /* Notification+Service.swift */ = {isa = PBXFileReference; lastKnownFileType = sourcecode.swift; path = "Notification+Service.swift"; sourceTree = "<group>"; };
		F2C5B4EF2D184820007E3916 /* JoinNoticeView.swift */ = {isa = PBXFileReference; lastKnownFileType = sourcecode.swift; path = JoinNoticeView.swift; sourceTree = "<group>"; };
		F2C5B4F12D18482F007E3916 /* FollowNoticeView.swift */ = {isa = PBXFileReference; lastKnownFileType = sourcecode.swift; path = FollowNoticeView.swift; sourceTree = "<group>"; };
		F2C5B4F32D18483F007E3916 /* AuditNoticeView.swift */ = {isa = PBXFileReference; lastKnownFileType = sourcecode.swift; path = AuditNoticeView.swift; sourceTree = "<group>"; };
		F2C5B4F52D18484F007E3916 /* OfficeNoticeView.swift */ = {isa = PBXFileReference; lastKnownFileType = sourcecode.swift; path = OfficeNoticeView.swift; sourceTree = "<group>"; };
		F2C5B4F72D1849BE007E3916 /* NoticeViewModel.swift */ = {isa = PBXFileReference; fileEncoding = 4; lastKnownFileType = sourcecode.swift; path = NoticeViewModel.swift; sourceTree = "<group>"; };
		F2C5B4F92D184CB4007E3916 /* NoticeListView.swift */ = {isa = PBXFileReference; fileEncoding = 4; lastKnownFileType = sourcecode.swift; path = NoticeListView.swift; sourceTree = "<group>"; };
		F2C5B4FC2D186976007E3916 /* SubmitActiveReviewView.swift */ = {isa = PBXFileReference; lastKnownFileType = sourcecode.swift; path = SubmitActiveReviewView.swift; sourceTree = "<group>"; };
		F2C5B4FE2D19AFD6007E3916 /* RegistrationView.swift */ = {isa = PBXFileReference; lastKnownFileType = sourcecode.swift; path = RegistrationView.swift; sourceTree = "<group>"; };
		F2C5B5002D1DA240007E3916 /* SearchActiveView.swift */ = {isa = PBXFileReference; lastKnownFileType = sourcecode.swift; path = SearchActiveView.swift; sourceTree = "<group>"; };
		F2C5B5022D1DA737007E3916 /* SearchHistory+Util.swift */ = {isa = PBXFileReference; fileEncoding = 4; lastKnownFileType = sourcecode.swift; path = "SearchHistory+Util.swift"; sourceTree = "<group>"; };
		F2D6AE232CD92C4800896DD9 /* Empty+Component.swift */ = {isa = PBXFileReference; lastKnownFileType = sourcecode.swift; path = "Empty+Component.swift"; sourceTree = "<group>"; };
		F2EEE39C2D048AF600D7777C /* Codeable+Extension.swift */ = {isa = PBXFileReference; lastKnownFileType = sourcecode.swift; path = "Codeable+Extension.swift"; sourceTree = "<group>"; };
		F2EEE39E2D04909B00D7777C /* Bindding+Extension.swift */ = {isa = PBXFileReference; lastKnownFileType = sourcecode.swift; path = "Bindding+Extension.swift"; sourceTree = "<group>"; };
		F2EEE3A02D04A24700D7777C /* ActivityPreview+Sheet.swift */ = {isa = PBXFileReference; fileEncoding = 4; lastKnownFileType = sourcecode.swift; path = "ActivityPreview+Sheet.swift"; sourceTree = "<group>"; };
		F2EEE3A22D05A9B800D7777C /* PromotionView.swift */ = {isa = PBXFileReference; lastKnownFileType = sourcecode.swift; path = PromotionView.swift; sourceTree = "<group>"; };
		F2EEE3A42D05BB4B00D7777C /* Promotion+API.swift */ = {isa = PBXFileReference; lastKnownFileType = sourcecode.swift; path = "Promotion+API.swift"; sourceTree = "<group>"; };
		F2EEE3A62D05BD0700D7777C /* Promotion+Service.swift */ = {isa = PBXFileReference; lastKnownFileType = sourcecode.swift; path = "Promotion+Service.swift"; sourceTree = "<group>"; };
		F2EEE3AA2D05DE5000D7777C /* CreatePromotionView.swift */ = {isa = PBXFileReference; lastKnownFileType = sourcecode.swift; path = CreatePromotionView.swift; sourceTree = "<group>"; };
		F2EEE3AC2D05DE8500D7777C /* CreatePromotionModel.swift */ = {isa = PBXFileReference; lastKnownFileType = sourcecode.swift; path = CreatePromotionModel.swift; sourceTree = "<group>"; };
		F2EEE3AE2D05E65800D7777C /* PromoCodeList.swift */ = {isa = PBXFileReference; fileEncoding = 4; lastKnownFileType = sourcecode.swift; path = PromoCodeList.swift; sourceTree = "<group>"; };
		F2EEE3B02D088E2500D7777C /* ActiveDetailView.swift */ = {isa = PBXFileReference; lastKnownFileType = sourcecode.swift; path = ActiveDetailView.swift; sourceTree = "<group>"; };
		F2EEE3B22D0B2F9900D7777C /* ActiveShareView.swift */ = {isa = PBXFileReference; lastKnownFileType = sourcecode.swift; path = ActiveShareView.swift; sourceTree = "<group>"; };
		F2EEE3B82D0D5B1400D7777C /* ImageSave+Sheet.swift */ = {isa = PBXFileReference; lastKnownFileType = sourcecode.swift; path = "ImageSave+Sheet.swift"; sourceTree = "<group>"; };
		F2EEE3BC2D0D874C00D7777C /* View+Modify.swift */ = {isa = PBXFileReference; lastKnownFileType = sourcecode.swift; path = "View+Modify.swift"; sourceTree = "<group>"; };
		F2F4C6D42CE100E1003F20A5 /* ImagePicker+Component.swift */ = {isa = PBXFileReference; lastKnownFileType = sourcecode.swift; path = "ImagePicker+Component.swift"; sourceTree = "<group>"; };
		F2FAEAFA2CE04C03007BD6D8 /* Message+Modal.swift */ = {isa = PBXFileReference; lastKnownFileType = sourcecode.swift; path = "Message+Modal.swift"; sourceTree = "<group>"; };
		F2FC0F402CCAA49400CF8ACE /* Base+API.swift */ = {isa = PBXFileReference; lastKnownFileType = sourcecode.swift; path = "Base+API.swift"; sourceTree = "<group>"; };
/* End PBXFileReference section */

/* Begin PBXFrameworksBuildPhase section */
		F27C65762CB16F1B0074B608 /* Frameworks */ = {
			isa = PBXFrameworksBuildPhase;
			buildActionMask = 2147483647;
			files = (
				F2AE6A432D2001AD0002212F /* Mantis in Frameworks */,
				F2AE42852CB97162009E72C3 /* Kingfisher in Frameworks */,
				F2B269722CB57233001230B4 /* SwiftDate in Frameworks */,
				F26F15AD2CC6A92B00848715 /* SwiftyJSON in Frameworks */,
				F2A0D5FB2CC360EA00536C58 /* ScalingHeaderScrollView in Frameworks */,
			);
			runOnlyForDeploymentPostprocessing = 0;
		};
/* End PBXFrameworksBuildPhase section */

/* Begin PBXGroup section */
		F20D194C2CD783D8006296D0 /* Sheet */ = {
			isa = PBXGroup;
			children = (
				F28829832CF2EB3D002D012A /* ActivityTemplates+Sheet.swift */,
				F20D194D2CD783F5006296D0 /* AppStoreSearch+Sheet.swift */,
				F2EEE3A02D04A24700D7777C /* ActivityPreview+Sheet.swift */,
				F2C5B4E92D17AF25007E3916 /* PreCodePicker+Sheet.swift */,
				F28829892CF309F5002D012A /* Image+Sheet.swift */,
				F2EEE3B82D0D5B1400D7777C /* ImageSave+Sheet.swift */,
			);
			path = Sheet;
			sourceTree = "<group>";
		};
		F21CFCD42CD6462300CAB613 /* Components */ = {
			isa = PBXGroup;
			children = (
				F21CFCD12CD6462300CAB613 /* ModuleCard.swift */,
				F21CFCD22CD6462300CAB613 /* ProductCard.swift */,
				F2EEE3AE2D05E65800D7777C /* PromoCodeList.swift */,
				F21CFCD32CD6462300CAB613 /* TitleBar.swift */,
			);
			path = Components;
			sourceTree = "<group>";
		};
		F21CFCDA2CD6463A00CAB613 /* Models */ = {
			isa = PBXGroup;
			children = (
				F21CFD0B2CD7245700CAB613 /* PublishActivityViewModel.swift */,
				F2EEE3AC2D05DE8500D7777C /* CreatePromotionModel.swift */,
				F21CFD112CD7247300CAB613 /* PublishProductViewModel.swift */,
				F21CFCD92CD6463A00CAB613 /* ProductTab.swift */,
				F21CFCF12CD647C300CAB613 /* ScrollPreference.swift */,
			);
			path = Models;
			sourceTree = "<group>";
		};
		F21CFCDC2CD6463A00CAB613 /* Views */ = {
			isa = PBXGroup;
			children = (
				F21CFD0F2CD7246A00CAB613 /* PublishProductView.swift */,
				F2EEE3AA2D05DE5000D7777C /* CreatePromotionView.swift */,
				F21CFD0A2CD7245700CAB613 /* PublishActivityView.swift */,
				F2EEE3A22D05A9B800D7777C /* PromotionView.swift */,
				F2B34CCE2CF35EE1009023B8 /* ReviewView.swift */,
				F21CFCDB2CD6463A00CAB613 /* ContentViews.swift */,
			);
			path = Views;
			sourceTree = "<group>";
		};
		F21CFCF52CD669B100CAB613 /* Protocol */ = {
			isa = PBXGroup;
			children = (
			);
			path = Protocol;
			sourceTree = "<group>";
		};
		F21CFCFA2CD6911600CAB613 /* Coin */ = {
			isa = PBXGroup;
			children = (
				F21CFD062CD691BB00CAB613 /* CoinShopViewModel.swift */,
				F21CFD082CD691C000CAB613 /* CoinTasksViewModel.swift */,
				F21CFCF82CD6911600CAB613 /* CoinShopView.swift */,
				F21CFCF92CD6911600CAB613 /* CoinTasksView.swift */,
			);
			name = Coin;
			path = Apptune/Screen/Coin;
			sourceTree = SOURCE_ROOT;
		};
		F21CFD182CD7778D00CAB613 /* Router */ = {
			isa = PBXGroup;
			children = (
				F21CFD152CD7778D00CAB613 /* NoticeManager.swift */,
				F21CFD162CD7778D00CAB613 /* RouterManager.swift */,
				F20D194A2CD78269006296D0 /* SheetManager.swift */,
				F21CFD172CD7778D00CAB613 /* RouterDestination.swift */,
			);
			name = Router;
			path = Apptune/Router;
			sourceTree = SOURCE_ROOT;
		};
		F23F8F702CBD5A54005546EE /* Extensions */ = {
			isa = PBXGroup;
			children = (
				F2AE427D2CB96D6B009E72C3 /* Tap+Extension.swift */,
				F22377E02CC6ABBB00F780AE /* UrlSession+Extension.swift */,
				F2AE427B2CB96CBA009E72C3 /* Tool+Extension.swift */,
				F2EEE39E2D04909B00D7777C /* Bindding+Extension.swift */,
				F2EEE39C2D048AF600D7777C /* Codeable+Extension.swift */,
				F2AE42862CB97814009E72C3 /* View+Extension.swift */,
				F2B269F62CB6C58C008C46B8 /* Text+Extension.swift */,
				F2A0D6072CC3958100536C58 /* Router+Extension.swift */,
				F2A0D6012CC386DF00536C58 /* String+Extension.swift */,
				F2B269792CB578DD001230B4 /* Color+Extension.swift */,
				F23F8F722CBD5AD5005546EE /* Font+Extension.swift */,
				F23F8F742CBEB154005546EE /* ToggleStyle+Extension.swift */,
			);
			path = Extensions;
			sourceTree = "<group>";
		};
		F23F8F712CBD5A6D005546EE /* Modify */ = {
			isa = PBXGroup;
			children = (
				F2B2697E2CB58055001230B4 /* Button+Modify.swift */,
				F2EEE3BC2D0D874C00D7777C /* View+Modify.swift */,
			);
			path = Modify;
			sourceTree = "<group>";
		};
		F23F8F762CBEB1DE005546EE /* Setting */ = {
			isa = PBXGroup;
			children = (
			);
			path = Setting;
			sourceTree = "<group>";
		};
		F23F8F772CBEB1ED005546EE /* User */ = {
			isa = PBXGroup;
			children = (
				F23F8F782CBEB2BA005546EE /* UserView.swift */,
				F2A0D6052CC38FDF00536C58 /* UserSettingView.swift */,
				F237E5A12CCE892600CC1074 /* UserProfileView.swift */,
				F2A0D6132CC4D37000536C58 /* UserAccountView.swift */,
			);
			path = User;
			sourceTree = "<group>";
		};
		F26F15962CC5130500848715 /* Common */ = {
			isa = PBXGroup;
			children = (
				F2B269762CB574B0001230B4 /* LoginView.swift */,
				F237E59F2CCE6BFA00CC1074 /* AboutAuthorView.swift */,
				F2B269FC2CB6D725008C46B8 /* LanchView.swift */,
				F2B269FF2CB6D764008C46B8 /* GudieView.swift */,
				F26F15992CC5370900848715 /* EmailLoginView.swift */,
			);
			path = Common;
			sourceTree = "<group>";
		};
		F26F159B2CC538B100848715 /* Services */ = {
			isa = PBXGroup;
			children = (
				F26F159C2CC538CE00848715 /* User+Service.swift */,
				F288297D2CF20EDD002D012A /* Active+Service.swift */,
				F2C5B4ED2D18355F007E3916 /* Notification+Service.swift */,
				F2EEE3A62D05BD0700D7777C /* Promotion+Service.swift */,
				F28829872CF30053002D012A /* Tag+Service.swift */,
				F288297B2CF20D37002D012A /* Product+Service.swift */,
			);
			path = Services;
			sourceTree = "<group>";
		};
		F26F15A12CC69D4C00848715 /* Apis */ = {
			isa = PBXGroup;
			children = (
				F26F15A22CC69D6E00848715 /* User+API.swift */,
				F21CFD132CD75F9C00CAB613 /* Product+API.swift */,
				F2C5B4EB2D18354D007E3916 /* Notification+API.swift */,
				F2EEE3A42D05BB4B00D7777C /* Promotion+API.swift */,
				F288297F2CF21328002D012A /* Active+API.swift */,
				F2FC0F402CCAA49400CF8ACE /* Base+API.swift */,
				F21CFCF32CD64E7100CAB613 /* File+API.swift */,
				F288298B2CF32228002D012A /* Tag+API.swift */,
			);
			path = Apis;
			sourceTree = "<group>";
		};
		F27A94812CC00AD9002A2BEA /* Product */ = {
			isa = PBXGroup;
			children = (
				F21CFCDA2CD6463A00CAB613 /* Models */,
				F21CFCDC2CD6463A00CAB613 /* Views */,
				F21CFCD42CD6462300CAB613 /* Components */,
				F27A94822CC00AEC002A2BEA /* ProductView.swift */,
			);
			path = Product;
			sourceTree = "<group>";
		};
		F27C65702CB16F1B0074B608 = {
			isa = PBXGroup;
			children = (
				F27C657B2CB16F1B0074B608 /* Apptune */,
				F27C657A2CB16F1B0074B608 /* Products */,
			);
			sourceTree = "<group>";
		};
		F27C657A2CB16F1B0074B608 /* Products */ = {
			isa = PBXGroup;
			children = (
				F27C65792CB16F1B0074B608 /* Apptune.app */,
			);
			name = Products;
			sourceTree = "<group>";
		};
		F27C657B2CB16F1B0074B608 /* Apptune */ = {
			isa = PBXGroup;
			children = (
				F26F15A12CC69D4C00848715 /* Apis */,
				F26F159B2CC538B100848715 /* Services */,
				F2B2697B2CB57B51001230B4 /* Components */,
				F2B269782CB578C4001230B4 /* Shared */,
				F2B269732CB57252001230B4 /* Screen */,
				F21CFD182CD7778D00CAB613 /* Router */,
				F27C657C2CB16F1B0074B608 /* ApptuneApp.swift */,
				F27C65852CB16F1C0074B608 /* Assets.xcassets */,
				F27C65872CB16F1C0074B608 /* Apptune.entitlements */,
				F27C65882CB16F1C0074B608 /* Preview Content */,
				F283B04C2D0EBC8F0051FBF1 /* Localizable.xcstrings */,
			);
			path = Apptune;
			sourceTree = "<group>";
		};
		F27C65882CB16F1C0074B608 /* Preview Content */ = {
			isa = PBXGroup;
			children = (
				F27C65892CB16F1C0074B608 /* Preview Assets.xcassets */,
			);
			path = "Preview Content";
			sourceTree = "<group>";
		};
		F2A0D5FC2CC3860B00536C58 /* Utils */ = {
			isa = PBXGroup;
			children = (
				F2A0D5FD2CC3862700536C58 /* UserDefault+Util.swift */,
				F2A0D6112CC4AFB200536C58 /* Const+Util.swift */,
				F299FE582CC94D2F0009C956 /* MD5+Util.swift */,
				F2C5B5022D1DA737007E3916 /* SearchHistory+Util.swift */,
				F22377E22CC6AC0200F780AE /* Network+Util.swift */,
			);
			path = Utils;
			sourceTree = "<group>";
		};
		F2A0D60A2CC3A27400536C58 /* Notice */ = {
			isa = PBXGroup;
			children = (
				F2A0D60B2CC3A28D00536C58 /* Version+Modal.swift */,
				F2A0D60D2CC40AAA00536C58 /* Agreement+Modal.swift */,
				F26F15972CC513C300848715 /* Confirm+Modal.swift */,
				F2A0D60F2CC49FD800536C58 /* Toast+Modal.swift */,
				F2FAEAFA2CE04C03007BD6D8 /* Message+Modal.swift */,
			);
			path = Notice;
			sourceTree = "<group>";
		};
		F2B269732CB57252001230B4 /* Screen */ = {
			isa = PBXGroup;
			children = (
				F2C5B4E62D16A306007E3916 /* Notification */,
				F21CFCFA2CD6911600CAB613 /* Coin */,
				F26F15962CC5130500848715 /* Common */,
				F27A94812CC00AD9002A2BEA /* Product */,
				F23F8F772CBEB1ED005546EE /* User */,
				F23F8F762CBEB1DE005546EE /* Setting */,
				F2B269F32CB6C1CE008C46B8 /* Active */,
				F2B269742CB57260001230B4 /* ScreenManage.swift */,
				F23F8F7A2CBEBC87005546EE /* AppState.swift */,
			);
			path = Screen;
			sourceTree = "<group>";
		};
		F2B269782CB578C4001230B4 /* Shared */ = {
			isa = PBXGroup;
			children = (
				F21CFCF52CD669B100CAB613 /* Protocol */,
				F2A0D5FC2CC3860B00536C58 /* Utils */,
				F23F8F712CBD5A6D005546EE /* Modify */,
				F23F8F702CBD5A54005546EE /* Extensions */,
			);
			path = Shared;
			sourceTree = "<group>";
		};
		F2B2697B2CB57B51001230B4 /* Components */ = {
			isa = PBXGroup;
			children = (
				F20D194C2CD783D8006296D0 /* Sheet */,
				F2A0D60A2CC3A27400536C58 /* Notice */,
				F2B2697C2CB57B80001230B4 /* Radio+Component.swift */,
				F2D6AE232CD92C4800896DD9 /* Empty+Component.swift */,
				F283B0442D0DD4370051FBF1 /* ImageClip+Component.swift */,
				F2F4C6D42CE100E1003F20A5 /* ImagePicker+Component.swift */,
				F2A0D6032CC3887800536C58 /* Toast+Component.swift */,
				F2AE42882CB97917009E72C3 /* CornerRadius+Component.swift */,
				F2B269F82CB6C6AA008C46B8 /* SFSymbol+Component.swift */,
				F21CFCD02CD6462300CAB613 /* ActiveCard+Components.swift */,
				F2B269FA2CB6D671008C46B8 /* TabBar+Component.swift */,
				F2AE427F2CB96DFF009E72C3 /* TextColor+Component.swift */,
				F2AE42812CB97118009E72C3 /* Image+Componet.swift */,
				F28829852CF2FEB0002D012A /* Tag+Component.swift */,
			);
			path = Components;
			sourceTree = "<group>";
		};
		F2B269F32CB6C1CE008C46B8 /* Active */ = {
			isa = PBXGroup;
			children = (
				F2B269F42CB6C2C5008C46B8 /* ActiveHomeView.swift */,
				F2C5B4FC2D186976007E3916 /* SubmitActiveReviewView.swift */,
				F2C5B5002D1DA240007E3916 /* SearchActiveView.swift */,
				F2C5B4FE2D19AFD6007E3916 /* RegistrationView.swift */,
				F2EEE3B22D0B2F9900D7777C /* ActiveShareView.swift */,
				F2EEE3B02D088E2500D7777C /* ActiveDetailView.swift */,
			);
			path = Active;
			sourceTree = "<group>";
		};
		F2C5B4E62D16A306007E3916 /* Notification */ = {
			isa = PBXGroup;
			children = (
				F2C5B4E72D16A31C007E3916 /* NotificationView.swift */,
				F2C5B4FA2D184CB4007E3916 /* Components */,
				F2C5B4F52D18484F007E3916 /* OfficeNoticeView.swift */,
				F2C5B4F32D18483F007E3916 /* AuditNoticeView.swift */,
				F2C5B4F72D1849BE007E3916 /* NoticeViewModel.swift */,
				F2C5B4F12D18482F007E3916 /* FollowNoticeView.swift */,
				F2C5B4EF2D184820007E3916 /* JoinNoticeView.swift */,
			);
			path = Notification;
			sourceTree = "<group>";
		};
		F2C5B4FA2D184CB4007E3916 /* Components */ = {
			isa = PBXGroup;
			children = (
				F2C5B4F92D184CB4007E3916 /* NoticeListView.swift */,
			);
			path = Components;
			sourceTree = "<group>";
		};
/* End PBXGroup section */

/* Begin PBXNativeTarget section */
		F27C65782CB16F1B0074B608 /* Apptune */ = {
			isa = PBXNativeTarget;
			buildConfigurationList = F27C658D2CB16F1C0074B608 /* Build configuration list for PBXNativeTarget "Apptune" */;
			buildPhases = (
				F27C65752CB16F1B0074B608 /* Sources */,
				F27C65762CB16F1B0074B608 /* Frameworks */,
				F27C65772CB16F1B0074B608 /* Resources */,
			);
			buildRules = (
			);
			dependencies = (
			);
			name = Apptune;
			packageProductDependencies = (
				F2B269712CB57233001230B4 /* SwiftDate */,
				F2AE42842CB97162009E72C3 /* Kingfisher */,
				F2A0D5FA2CC360EA00536C58 /* ScalingHeaderScrollView */,
				F26F15AC2CC6A92B00848715 /* SwiftyJSON */,
				F2AE6A422D2001AD0002212F /* Mantis */,
			);
			productName = Apptune;
			productReference = F27C65792CB16F1B0074B608 /* Apptune.app */;
			productType = "com.apple.product-type.application";
		};
/* End PBXNativeTarget section */

/* Begin PBXProject section */
		F27C65712CB16F1B0074B608 /* Project object */ = {
			isa = PBXProject;
			attributes = {
				BuildIndependentTargetsInParallel = 1;
				LastSwiftUpdateCheck = 1540;
				LastUpgradeCheck = 1540;
				TargetAttributes = {
					F27C65782CB16F1B0074B608 = {
						CreatedOnToolsVersion = 15.4;
					};
				};
			};
			buildConfigurationList = F27C65742CB16F1B0074B608 /* Build configuration list for PBXProject "Apptune" */;
			compatibilityVersion = "Xcode 14.0";
			developmentRegion = "zh-Hans";
			hasScannedForEncodings = 0;
			knownRegions = (
				en,
				Base,
				"zh-Hans",
			);
			mainGroup = F27C65702CB16F1B0074B608;
			packageReferences = (
				F2B269702CB57232001230B4 /* XCRemoteSwiftPackageReference "SwiftDate" */,
				F2AE42832CB97162009E72C3 /* XCRemoteSwiftPackageReference "Kingfisher" */,
				F2A0D5F92CC360EA00536C58 /* XCRemoteSwiftPackageReference "ScalingHeaderScrollView" */,
				F26F15AB2CC6A92B00848715 /* XCRemoteSwiftPackageReference "SwiftyJSON" */,
				F2AE6A412D2001AD0002212F /* XCRemoteSwiftPackageReference "Mantis" */,
			);
			productRefGroup = F27C657A2CB16F1B0074B608 /* Products */;
			projectDirPath = "";
			projectRoot = "";
			targets = (
				F27C65782CB16F1B0074B608 /* Apptune */,
			);
		};
/* End PBXProject section */

/* Begin PBXResourcesBuildPhase section */
		F27C65772CB16F1B0074B608 /* Resources */ = {
			isa = PBXResourcesBuildPhase;
			buildActionMask = 2147483647;
			files = (
				F27C658A2CB16F1C0074B608 /* Preview Assets.xcassets in Resources */,
				F27C65862CB16F1C0074B608 /* Assets.xcassets in Resources */,
				F283B04D2D0EBC900051FBF1 /* Localizable.xcstrings in Resources */,
			);
			runOnlyForDeploymentPostprocessing = 0;
		};
/* End PBXResourcesBuildPhase section */

/* Begin PBXSourcesBuildPhase section */
		F27C65752CB16F1B0074B608 /* Sources */ = {
			isa = PBXSourcesBuildPhase;
			buildActionMask = 2147483647;
			files = (
				F27A94832CC00AEC002A2BEA /* ProductView.swift in Sources */,
				F2D6AE242CD92C4800896DD9 /* Empty+Component.swift in Sources */,
				F2C5B4F22D18482F007E3916 /* FollowNoticeView.swift in Sources */,
				F288297E2CF20EDD002D012A /* Active+Service.swift in Sources */,
				F2C5B5032D1DA737007E3916 /* SearchHistory+Util.swift in Sources */,
				F21CFCDD2CD6463A00CAB613 /* ProductTab.swift in Sources */,
				F2EEE3AB2D05DE5000D7777C /* CreatePromotionView.swift in Sources */,
				F2A0D60C2CC3A28D00536C58 /* Version+Modal.swift in Sources */,
				F2EEE3B32D0B2F9900D7777C /* ActiveShareView.swift in Sources */,
				F2A0D6042CC3887800536C58 /* Toast+Component.swift in Sources */,
				F20D194B2CD78269006296D0 /* SheetManager.swift in Sources */,
				F21CFCDE2CD6463A00CAB613 /* ContentViews.swift in Sources */,
				F2AE42822CB97118009E72C3 /* Image+Componet.swift in Sources */,
				F21CFCF42CD64E7100CAB613 /* File+API.swift in Sources */,
				F2A0D5FE2CC3862700536C58 /* UserDefault+Util.swift in Sources */,
				F23F8F752CBEB154005546EE /* ToggleStyle+Extension.swift in Sources */,
				F2A0D6062CC38FDF00536C58 /* UserSettingView.swift in Sources */,
				F237E5A22CCE892600CC1074 /* UserProfileView.swift in Sources */,
				F2AE42892CB97917009E72C3 /* CornerRadius+Component.swift in Sources */,
				F21CFD122CD7247300CAB613 /* PublishProductViewModel.swift in Sources */,
				F27C657D2CB16F1B0074B608 /* ApptuneApp.swift in Sources */,
				F21CFD0D2CD7245700CAB613 /* PublishActivityView.swift in Sources */,
				F2C5B4E82D16A31C007E3916 /* NotificationView.swift in Sources */,
				F2AE427E2CB96D6B009E72C3 /* Tap+Extension.swift in Sources */,
				F20D194E2CD783F5006296D0 /* AppStoreSearch+Sheet.swift in Sources */,
				F2C5B4F42D18483F007E3916 /* AuditNoticeView.swift in Sources */,
				F2EEE3A32D05A9B800D7777C /* PromotionView.swift in Sources */,
				F2EEE39D2D048AF600D7777C /* Codeable+Extension.swift in Sources */,
				F26F159D2CC538CE00848715 /* User+Service.swift in Sources */,
				F21CFD072CD691BB00CAB613 /* CoinShopViewModel.swift in Sources */,
				F2C5B4EE2D18355F007E3916 /* Notification+Service.swift in Sources */,
				F2C5B4F02D184820007E3916 /* JoinNoticeView.swift in Sources */,
				F28829802CF21328002D012A /* Active+API.swift in Sources */,
				F21CFCD72CD6462400CAB613 /* ProductCard.swift in Sources */,
				F2B2697A2CB578DD001230B4 /* Color+Extension.swift in Sources */,
				F2A0D60E2CC40AAA00536C58 /* Agreement+Modal.swift in Sources */,
				F2EEE3A72D05BD0700D7777C /* Promotion+Service.swift in Sources */,
				F21CFCFB2CD6911600CAB613 /* CoinShopView.swift in Sources */,
				F2EEE3B92D0D5B1400D7777C /* ImageSave+Sheet.swift in Sources */,
				F288298A2CF309F5002D012A /* Image+Sheet.swift in Sources */,
				F23F8F732CBD5AD5005546EE /* Font+Extension.swift in Sources */,
				F2C5B4EC2D18354D007E3916 /* Notification+API.swift in Sources */,
				F2EEE39F2D04909B00D7777C /* Bindding+Extension.swift in Sources */,
				F21CFCD82CD6462400CAB613 /* TitleBar.swift in Sources */,
				F2B2697D2CB57B80001230B4 /* Radio+Component.swift in Sources */,
				F26F15A32CC69D6E00848715 /* User+API.swift in Sources */,
				F2F4C6D52CE100E1003F20A5 /* ImagePicker+Component.swift in Sources */,
				F2C5B5012D1DA240007E3916 /* SearchActiveView.swift in Sources */,
				F28829862CF2FEB0002D012A /* Tag+Component.swift in Sources */,
				F22377E32CC6AC0200F780AE /* Network+Util.swift in Sources */,
				F2C5B4FD2D186976007E3916 /* SubmitActiveReviewView.swift in Sources */,
				F2B269F92CB6C6AA008C46B8 /* SFSymbol+Component.swift in Sources */,
				F2A0D6102CC49FD800536C58 /* Toast+Modal.swift in Sources */,
				F299FE592CC94D2F0009C956 /* MD5+Util.swift in Sources */,
				F2FAEAFB2CE04C03007BD6D8 /* Message+Modal.swift in Sources */,
				F2AE42802CB96DFF009E72C3 /* TextColor+Component.swift in Sources */,
				F2B34CCF2CF35EE1009023B8 /* ReviewView.swift in Sources */,
				F2C5B4F62D18484F007E3916 /* OfficeNoticeView.swift in Sources */,
				F21CFD1A2CD7778D00CAB613 /* RouterManager.swift in Sources */,
				F23F8F792CBEB2BA005546EE /* UserView.swift in Sources */,
				F28829882CF30053002D012A /* Tag+Service.swift in Sources */,
				F2C5B4FF2D19AFD6007E3916 /* RegistrationView.swift in Sources */,
				F2EEE3AF2D05E65800D7777C /* PromoCodeList.swift in Sources */,
				F2B269FB2CB6D671008C46B8 /* TabBar+Component.swift in Sources */,
				F2EEE3B12D088E2500D7777C /* ActiveDetailView.swift in Sources */,
				F288298C2CF32228002D012A /* Tag+API.swift in Sources */,
				F2B26A002CB6D764008C46B8 /* GudieView.swift in Sources */,
				F21CFD142CD75F9C00CAB613 /* Product+API.swift in Sources */,
				F2AE427C2CB96CBA009E72C3 /* Tool+Extension.swift in Sources */,
				F2FC0F412CCAA49400CF8ACE /* Base+API.swift in Sources */,
				F2B269F72CB6C58C008C46B8 /* Text+Extension.swift in Sources */,
				F26F15982CC513C300848715 /* Confirm+Modal.swift in Sources */,
				F2B269772CB574B0001230B4 /* LoginView.swift in Sources */,
				F288297C2CF20D37002D012A /* Product+Service.swift in Sources */,
				F2C5B4F82D1849BE007E3916 /* NoticeViewModel.swift in Sources */,
				F2A0D6142CC4D37000536C58 /* UserAccountView.swift in Sources */,
				F21CFD092CD691C000CAB613 /* CoinTasksViewModel.swift in Sources */,
				F2A0D6022CC386DF00536C58 /* String+Extension.swift in Sources */,
				F23F8F7B2CBEBC87005546EE /* AppState.swift in Sources */,
				F26F159A2CC5370900848715 /* EmailLoginView.swift in Sources */,
				F21CFCD52CD6462400CAB613 /* ActiveCard+Components.swift in Sources */,
				F2B269752CB57260001230B4 /* ScreenManage.swift in Sources */,
				F21CFCFC2CD6911600CAB613 /* CoinTasksView.swift in Sources */,
				F21CFD102CD7246A00CAB613 /* PublishProductView.swift in Sources */,
				F2A0D6082CC3958100536C58 /* Router+Extension.swift in Sources */,
				F2A0D6122CC4AFB200536C58 /* Const+Util.swift in Sources */,
				F2EEE3A52D05BB4B00D7777C /* Promotion+API.swift in Sources */,
				F2B2697F2CB58055001230B4 /* Button+Modify.swift in Sources */,
				F2C5B4EA2D17AF25007E3916 /* PreCodePicker+Sheet.swift in Sources */,
				F2EEE3BD2D0D874C00D7777C /* View+Modify.swift in Sources */,
				F2EEE3AD2D05DE8500D7777C /* CreatePromotionModel.swift in Sources */,
				F21CFD1B2CD7778D00CAB613 /* RouterDestination.swift in Sources */,
				F21CFD0E2CD7245700CAB613 /* PublishActivityViewModel.swift in Sources */,
				F283B0452D0DD4370051FBF1 /* ImageClip+Component.swift in Sources */,
				F2C5B4FB2D184CB4007E3916 /* NoticeListView.swift in Sources */,
				F22377E12CC6ABBB00F780AE /* UrlSession+Extension.swift in Sources */,
				F28829842CF2EB3D002D012A /* ActivityTemplates+Sheet.swift in Sources */,
				F237E5A02CCE6BFB00CC1074 /* AboutAuthorView.swift in Sources */,
				F2B269F52CB6C2C5008C46B8 /* ActiveHomeView.swift in Sources */,
				F2AE42872CB97814009E72C3 /* View+Extension.swift in Sources */,
				F2B269FD2CB6D725008C46B8 /* LanchView.swift in Sources */,
				F21CFD192CD7778D00CAB613 /* NoticeManager.swift in Sources */,
				F21CFCD62CD6462400CAB613 /* ModuleCard.swift in Sources */,
				F21CFCF22CD647C300CAB613 /* ScrollPreference.swift in Sources */,
				F2EEE3A12D04A24700D7777C /* ActivityPreview+Sheet.swift in Sources */,
			);
			runOnlyForDeploymentPostprocessing = 0;
		};
/* End PBXSourcesBuildPhase section */

/* Begin XCBuildConfiguration section */
		F27C658B2CB16F1C0074B608 /* Debug */ = {
			isa = XCBuildConfiguration;
			buildSettings = {
				ALWAYS_SEARCH_USER_PATHS = NO;
				ASSETCATALOG_COMPILER_GENERATE_SWIFT_ASSET_SYMBOL_EXTENSIONS = YES;
				CLANG_ANALYZER_NONNULL = YES;
				CLANG_ANALYZER_NUMBER_OBJECT_CONVERSION = YES_AGGRESSIVE;
				CLANG_CXX_LANGUAGE_STANDARD = "gnu++20";
				CLANG_ENABLE_MODULES = YES;
				CLANG_ENABLE_OBJC_ARC = YES;
				CLANG_ENABLE_OBJC_WEAK = YES;
				CLANG_WARN_BLOCK_CAPTURE_AUTORELEASING = YES;
				CLANG_WARN_BOOL_CONVERSION = YES;
				CLANG_WARN_COMMA = YES;
				CLANG_WARN_CONSTANT_CONVERSION = YES;
				CLANG_WARN_DEPRECATED_OBJC_IMPLEMENTATIONS = YES;
				CLANG_WARN_DIRECT_OBJC_ISA_USAGE = YES_ERROR;
				CLANG_WARN_DOCUMENTATION_COMMENTS = YES;
				CLANG_WARN_EMPTY_BODY = YES;
				CLANG_WARN_ENUM_CONVERSION = YES;
				CLANG_WARN_INFINITE_RECURSION = YES;
				CLANG_WARN_INT_CONVERSION = YES;
				CLANG_WARN_NON_LITERAL_NULL_CONVERSION = YES;
				CLANG_WARN_OBJC_IMPLICIT_RETAIN_SELF = YES;
				CLANG_WARN_OBJC_LITERAL_CONVERSION = YES;
				CLANG_WARN_OBJC_ROOT_CLASS = YES_ERROR;
				CLANG_WARN_QUOTED_INCLUDE_IN_FRAMEWORK_HEADER = YES;
				CLANG_WARN_RANGE_LOOP_ANALYSIS = YES;
				CLANG_WARN_STRICT_PROTOTYPES = YES;
				CLANG_WARN_SUSPICIOUS_MOVE = YES;
				CLANG_WARN_UNGUARDED_AVAILABILITY = YES_AGGRESSIVE;
				CLANG_WARN_UNREACHABLE_CODE = YES;
				CLANG_WARN__DUPLICATE_METHOD_MATCH = YES;
				COPY_PHASE_STRIP = YES;
				DEBUG_INFORMATION_FORMAT = dwarf;
				ENABLE_STRICT_OBJC_MSGSEND = YES;
				ENABLE_TESTABILITY = YES;
				ENABLE_USER_SCRIPT_SANDBOXING = YES;
				GCC_C_LANGUAGE_STANDARD = gnu17;
				GCC_DYNAMIC_NO_PIC = NO;
				GCC_NO_COMMON_BLOCKS = YES;
				GCC_OPTIMIZATION_LEVEL = 0;
				GCC_PREPROCESSOR_DEFINITIONS = (
					"DEBUG=1",
					"$(inherited)",
				);
				GCC_WARN_64_TO_32_BIT_CONVERSION = YES;
				GCC_WARN_ABOUT_RETURN_TYPE = YES_ERROR;
				GCC_WARN_UNDECLARED_SELECTOR = YES;
				GCC_WARN_UNINITIALIZED_AUTOS = YES_AGGRESSIVE;
				GCC_WARN_UNUSED_FUNCTION = YES;
				GCC_WARN_UNUSED_VARIABLE = YES;
				LOCALIZATION_PREFERS_STRING_CATALOGS = YES;
				MTL_ENABLE_DEBUG_INFO = INCLUDE_SOURCE;
				MTL_FAST_MATH = YES;
				ONLY_ACTIVE_ARCH = YES;
				SWIFT_ACTIVE_COMPILATION_CONDITIONS = "DEBUG $(inherited)";
				SWIFT_OPTIMIZATION_LEVEL = "-Onone";
			};
			name = Debug;
		};
		F27C658C2CB16F1C0074B608 /* Release */ = {
			isa = XCBuildConfiguration;
			buildSettings = {
				ALWAYS_SEARCH_USER_PATHS = NO;
				ASSETCATALOG_COMPILER_GENERATE_SWIFT_ASSET_SYMBOL_EXTENSIONS = YES;
				CLANG_ANALYZER_NONNULL = YES;
				CLANG_ANALYZER_NUMBER_OBJECT_CONVERSION = YES_AGGRESSIVE;
				CLANG_CXX_LANGUAGE_STANDARD = "gnu++20";
				CLANG_ENABLE_MODULES = YES;
				CLANG_ENABLE_OBJC_ARC = YES;
				CLANG_ENABLE_OBJC_WEAK = YES;
				CLANG_WARN_BLOCK_CAPTURE_AUTORELEASING = YES;
				CLANG_WARN_BOOL_CONVERSION = YES;
				CLANG_WARN_COMMA = YES;
				CLANG_WARN_CONSTANT_CONVERSION = YES;
				CLANG_WARN_DEPRECATED_OBJC_IMPLEMENTATIONS = YES;
				CLANG_WARN_DIRECT_OBJC_ISA_USAGE = YES_ERROR;
				CLANG_WARN_DOCUMENTATION_COMMENTS = YES;
				CLANG_WARN_EMPTY_BODY = YES;
				CLANG_WARN_ENUM_CONVERSION = YES;
				CLANG_WARN_INFINITE_RECURSION = YES;
				CLANG_WARN_INT_CONVERSION = YES;
				CLANG_WARN_NON_LITERAL_NULL_CONVERSION = YES;
				CLANG_WARN_OBJC_IMPLICIT_RETAIN_SELF = YES;
				CLANG_WARN_OBJC_LITERAL_CONVERSION = YES;
				CLANG_WARN_OBJC_ROOT_CLASS = YES_ERROR;
				CLANG_WARN_QUOTED_INCLUDE_IN_FRAMEWORK_HEADER = YES;
				CLANG_WARN_RANGE_LOOP_ANALYSIS = YES;
				CLANG_WARN_STRICT_PROTOTYPES = YES;
				CLANG_WARN_SUSPICIOUS_MOVE = YES;
				CLANG_WARN_UNGUARDED_AVAILABILITY = YES_AGGRESSIVE;
				CLANG_WARN_UNREACHABLE_CODE = YES;
				CLANG_WARN__DUPLICATE_METHOD_MATCH = YES;
				COPY_PHASE_STRIP = YES;
				DEBUG_INFORMATION_FORMAT = "dwarf-with-dsym";
				ENABLE_NS_ASSERTIONS = NO;
				ENABLE_STRICT_OBJC_MSGSEND = YES;
				ENABLE_TESTABILITY = YES;
				ENABLE_USER_SCRIPT_SANDBOXING = YES;
				GCC_C_LANGUAGE_STANDARD = gnu17;
				GCC_NO_COMMON_BLOCKS = YES;
				GCC_WARN_64_TO_32_BIT_CONVERSION = YES;
				GCC_WARN_ABOUT_RETURN_TYPE = YES_ERROR;
				GCC_WARN_UNDECLARED_SELECTOR = YES;
				GCC_WARN_UNINITIALIZED_AUTOS = YES_AGGRESSIVE;
				GCC_WARN_UNUSED_FUNCTION = YES;
				GCC_WARN_UNUSED_VARIABLE = YES;
				LOCALIZATION_PREFERS_STRING_CATALOGS = YES;
				MTL_ENABLE_DEBUG_INFO = NO;
				MTL_FAST_MATH = YES;
				SWIFT_COMPILATION_MODE = wholemodule;
			};
			name = Release;
		};
		F27C658E2CB16F1C0074B608 /* Debug */ = {
			isa = XCBuildConfiguration;
			buildSettings = {
				ASSETCATALOG_COMPILER_APPICON_NAME = AppIcon;
				ASSETCATALOG_COMPILER_GLOBAL_ACCENT_COLOR_NAME = AccentColor;
				CODE_SIGN_ENTITLEMENTS = Apptune/Apptune.entitlements;
				CODE_SIGN_STYLE = Automatic;
				CURRENT_PROJECT_VERSION = 1;
				DEVELOPMENT_ASSET_PATHS = "\"Apptune/Preview Content\"";
				DEVELOPMENT_TEAM = TK4NKP2XJG;
				ENABLE_HARDENED_RUNTIME = NO;
				ENABLE_PREVIEWS = YES;
				GENERATE_INFOPLIST_FILE = YES;
				INFOPLIST_KEY_CFBundleDisplayName = AppTune;
				INFOPLIST_KEY_LSApplicationCategoryType = "public.app-category.utilities";
				INFOPLIST_KEY_NSPhotoLibraryUsageDescription = "Apptune needs permission to access photos on your device";
				INFOPLIST_KEY_UIApplicationSceneManifest_Generation = YES;
				"INFOPLIST_KEY_UIApplicationSceneManifest_Generation[sdk=iphoneos*]" = YES;
				"INFOPLIST_KEY_UIApplicationSceneManifest_Generation[sdk=iphonesimulator*]" = YES;
				"INFOPLIST_KEY_UIApplicationSupportsIndirectInputEvents[sdk=iphoneos*]" = YES;
				"INFOPLIST_KEY_UIApplicationSupportsIndirectInputEvents[sdk=iphonesimulator*]" = YES;
				"INFOPLIST_KEY_UILaunchScreen_Generation[sdk=iphoneos*]" = YES;
				"INFOPLIST_KEY_UILaunchScreen_Generation[sdk=iphonesimulator*]" = YES;
				"INFOPLIST_KEY_UIStatusBarStyle[sdk=iphoneos*]" = UIStatusBarStyleDefault;
				"INFOPLIST_KEY_UIStatusBarStyle[sdk=iphonesimulator*]" = UIStatusBarStyleDefault;
				INFOPLIST_KEY_UISupportedInterfaceOrientations_iPad = "UIInterfaceOrientationPortrait UIInterfaceOrientationPortraitUpsideDown UIInterfaceOrientationLandscapeLeft UIInterfaceOrientationLandscapeRight";
				INFOPLIST_KEY_UISupportedInterfaceOrientations_iPhone = "UIInterfaceOrientationPortrait UIInterfaceOrientationLandscapeLeft UIInterfaceOrientationLandscapeRight";
				INFOPLIST_PREPROCESS = NO;
				IPHONEOS_DEPLOYMENT_TARGET = 16.0;
				LD_RUNPATH_SEARCH_PATHS = "@executable_path/Frameworks";
				"LD_RUNPATH_SEARCH_PATHS[sdk=macosx*]" = "@executable_path/../Frameworks";
				MACOSX_DEPLOYMENT_TARGET = 14.0;
				MARKETING_VERSION = 1.0;
				OTHER_LDFLAGS = (
					"-Xlinker",
					"-interposable",
				);
				PRODUCT_BUNDLE_IDENTIFIER = kinfuy.Apptune;
				PRODUCT_NAME = "$(TARGET_NAME)";
				SDKROOT = auto;
				SUPPORTED_PLATFORMS = "iphoneos iphonesimulator macosx";
				SWIFT_EMIT_LOC_STRINGS = YES;
				SWIFT_VERSION = 5.0;
				TARGETED_DEVICE_FAMILY = "1,2";
			};
			name = Debug;
		};
		F27C658F2CB16F1C0074B608 /* Release */ = {
			isa = XCBuildConfiguration;
			buildSettings = {
				ASSETCATALOG_COMPILER_APPICON_NAME = AppIcon;
				ASSETCATALOG_COMPILER_GLOBAL_ACCENT_COLOR_NAME = AccentColor;
				CODE_SIGN_ENTITLEMENTS = Apptune/Apptune.entitlements;
				CODE_SIGN_STYLE = Automatic;
				CURRENT_PROJECT_VERSION = 1;
				DEVELOPMENT_ASSET_PATHS = "\"Apptune/Preview Content\"";
				DEVELOPMENT_TEAM = TK4NKP2XJG;
				ENABLE_HARDENED_RUNTIME = NO;
				ENABLE_PREVIEWS = YES;
				GENERATE_INFOPLIST_FILE = YES;
				INFOPLIST_KEY_CFBundleDisplayName = AppTune;
				INFOPLIST_KEY_LSApplicationCategoryType = "public.app-category.utilities";
				INFOPLIST_KEY_NSPhotoLibraryUsageDescription = "Apptune needs permission to access photos on your device";
				INFOPLIST_KEY_UIApplicationSceneManifest_Generation = YES;
				"INFOPLIST_KEY_UIApplicationSceneManifest_Generation[sdk=iphoneos*]" = YES;
				"INFOPLIST_KEY_UIApplicationSceneManifest_Generation[sdk=iphonesimulator*]" = YES;
				"INFOPLIST_KEY_UIApplicationSupportsIndirectInputEvents[sdk=iphoneos*]" = YES;
				"INFOPLIST_KEY_UIApplicationSupportsIndirectInputEvents[sdk=iphonesimulator*]" = YES;
				"INFOPLIST_KEY_UILaunchScreen_Generation[sdk=iphoneos*]" = YES;
				"INFOPLIST_KEY_UILaunchScreen_Generation[sdk=iphonesimulator*]" = YES;
				"INFOPLIST_KEY_UIStatusBarStyle[sdk=iphoneos*]" = UIStatusBarStyleDefault;
				"INFOPLIST_KEY_UIStatusBarStyle[sdk=iphonesimulator*]" = UIStatusBarStyleDefault;
				INFOPLIST_KEY_UISupportedInterfaceOrientations_iPad = "UIInterfaceOrientationPortrait UIInterfaceOrientationPortraitUpsideDown UIInterfaceOrientationLandscapeLeft UIInterfaceOrientationLandscapeRight";
				INFOPLIST_KEY_UISupportedInterfaceOrientations_iPhone = "UIInterfaceOrientationPortrait UIInterfaceOrientationLandscapeLeft UIInterfaceOrientationLandscapeRight";
				INFOPLIST_PREPROCESS = NO;
				IPHONEOS_DEPLOYMENT_TARGET = 16.0;
				LD_RUNPATH_SEARCH_PATHS = "@executable_path/Frameworks";
				"LD_RUNPATH_SEARCH_PATHS[sdk=macosx*]" = "@executable_path/../Frameworks";
				MACOSX_DEPLOYMENT_TARGET = 14.0;
				MARKETING_VERSION = 1.0;
				OTHER_LDFLAGS = "";
				PRODUCT_BUNDLE_IDENTIFIER = kinfuy.Apptune;
				PRODUCT_NAME = "$(TARGET_NAME)";
				SDKROOT = auto;
				SUPPORTED_PLATFORMS = "iphoneos iphonesimulator macosx";
				SWIFT_EMIT_LOC_STRINGS = YES;
				SWIFT_VERSION = 5.0;
				TARGETED_DEVICE_FAMILY = "1,2";
			};
			name = Release;
		};
/* End XCBuildConfiguration section */

/* Begin XCConfigurationList section */
		F27C65742CB16F1B0074B608 /* Build configuration list for PBXProject "Apptune" */ = {
			isa = XCConfigurationList;
			buildConfigurations = (
				F27C658B2CB16F1C0074B608 /* Debug */,
				F27C658C2CB16F1C0074B608 /* Release */,
			);
			defaultConfigurationIsVisible = 0;
			defaultConfigurationName = Release;
		};
		F27C658D2CB16F1C0074B608 /* Build configuration list for PBXNativeTarget "Apptune" */ = {
			isa = XCConfigurationList;
			buildConfigurations = (
				F27C658E2CB16F1C0074B608 /* Debug */,
				F27C658F2CB16F1C0074B608 /* Release */,
			);
			defaultConfigurationIsVisible = 0;
			defaultConfigurationName = Release;
		};
/* End XCConfigurationList section */

/* Begin XCRemoteSwiftPackageReference section */
		F26F15AB2CC6A92B00848715 /* XCRemoteSwiftPackageReference "SwiftyJSON" */ = {
			isa = XCRemoteSwiftPackageReference;
			repositoryURL = "https://github.com/SwiftyJSON/SwiftyJSON";
			requirement = {
				kind = upToNextMajorVersion;
				minimumVersion = 5.0.2;
			};
		};
		F2A0D5F92CC360EA00536C58 /* XCRemoteSwiftPackageReference "ScalingHeaderScrollView" */ = {
			isa = XCRemoteSwiftPackageReference;
			repositoryURL = "https://github.com/exyte/ScalingHeaderScrollView";
			requirement = {
				kind = upToNextMajorVersion;
				minimumVersion = 1.1.4;
			};
		};
		F2AE42832CB97162009E72C3 /* XCRemoteSwiftPackageReference "Kingfisher" */ = {
			isa = XCRemoteSwiftPackageReference;
			repositoryURL = "https://github.com/onevcat/Kingfisher";
			requirement = {
				kind = upToNextMajorVersion;
				minimumVersion = 8.0.3;
			};
		};
		F2AE6A412D2001AD0002212F /* XCRemoteSwiftPackageReference "Mantis" */ = {
			isa = XCRemoteSwiftPackageReference;
			repositoryURL = "https://github.com/guoyingtao/Mantis";
			requirement = {
				kind = upToNextMajorVersion;
				minimumVersion = 1.7.5;
			};
		};
		F2B269702CB57232001230B4 /* XCRemoteSwiftPackageReference "SwiftDate" */ = {
			isa = XCRemoteSwiftPackageReference;
			repositoryURL = "https://github.com/malcommac/SwiftDate";
			requirement = {
				kind = upToNextMajorVersion;
				minimumVersion = 7.0.0;
			};
		};
/* End XCRemoteSwiftPackageReference section */

/* Begin XCSwiftPackageProductDependency section */
		F26F15AC2CC6A92B00848715 /* SwiftyJSON */ = {
			isa = XCSwiftPackageProductDependency;
			package = F26F15AB2CC6A92B00848715 /* XCRemoteSwiftPackageReference "SwiftyJSON" */;
			productName = SwiftyJSON;
		};
		F2A0D5FA2CC360EA00536C58 /* ScalingHeaderScrollView */ = {
			isa = XCSwiftPackageProductDependency;
			package = F2A0D5F92CC360EA00536C58 /* XCRemoteSwiftPackageReference "ScalingHeaderScrollView" */;
			productName = ScalingHeaderScrollView;
		};
		F2AE42842CB97162009E72C3 /* Kingfisher */ = {
			isa = XCSwiftPackageProductDependency;
			package = F2AE42832CB97162009E72C3 /* XCRemoteSwiftPackageReference "Kingfisher" */;
			productName = Kingfisher;
		};
		F2AE6A422D2001AD0002212F /* Mantis */ = {
			isa = XCSwiftPackageProductDependency;
			package = F2AE6A412D2001AD0002212F /* XCRemoteSwiftPackageReference "Mantis" */;
			productName = Mantis;
		};
		F2B269712CB57233001230B4 /* SwiftDate */ = {
			isa = XCSwiftPackageProductDependency;
			package = F2B269702CB57232001230B4 /* XCRemoteSwiftPackageReference "SwiftDate" */;
			productName = SwiftDate;
		};
/* End XCSwiftPackageProductDependency section */
	};
	rootObject = F27C65712CB16F1B0074B608 /* Project object */;
}
